// !$*UTF8*$!
{
	archiveVersion = 1;
	classes = {
	};
	objectVersion = 50;
	objects = {

/* Begin PBXBuildFile section */
		84AF1066221EAD1900852BDB /* AppDelegate.swift in Sources */ = {isa = PBXBuildFile; fileRef = 84AF1065221EAD1900852BDB /* AppDelegate.swift */; };
		84AF106C221EAD1900852BDB /* GameScene.swift in Sources */ = {isa = PBXBuildFile; fileRef = 84AF106B221EAD1900852BDB /* GameScene.swift */; };
		84AF106E221EAD1900852BDB /* GameViewController.swift in Sources */ = {isa = PBXBuildFile; fileRef = 84AF106D221EAD1900852BDB /* GameViewController.swift */; };
		84AF1071221EAD1900852BDB /* Main.storyboard in Resources */ = {isa = PBXBuildFile; fileRef = 84AF106F221EAD1900852BDB /* Main.storyboard */; };
		84AF1073221EAD1A00852BDB /* Assets.xcassets in Resources */ = {isa = PBXBuildFile; fileRef = 84AF1072221EAD1A00852BDB /* Assets.xcassets */; };
		84AF1076221EAD1A00852BDB /* LaunchScreen.storyboard in Resources */ = {isa = PBXBuildFile; fileRef = 84AF1074221EAD1A00852BDB /* LaunchScreen.storyboard */; };
		84AF1097221FD33B00852BDB /* Apple.swift in Sources */ = {isa = PBXBuildFile; fileRef = 84AF1096221FD33B00852BDB /* Apple.swift */; };
		84AF1099221FD35700852BDB /* Snake.swift in Sources */ = {isa = PBXBuildFile; fileRef = 84AF1098221FD35700852BDB /* Snake.swift */; };
		84AF109B221FD35F00852BDB /* SnakeHead.swift in Sources */ = {isa = PBXBuildFile; fileRef = 84AF109A221FD35F00852BDB /* SnakeHead.swift */; };
		84AF109D221FD36600852BDB /* SnakeBody.swift in Sources */ = {isa = PBXBuildFile; fileRef = 84AF109C221FD36600852BDB /* SnakeBody.swift */; };
/* End PBXBuildFile section */

/* Begin PBXFileReference section */
		84AF1062221EAD1900852BDB /* test8.app */ = {isa = PBXFileReference; explicitFileType = wrapper.application; includeInIndex = 0; path = test8.app; sourceTree = BUILT_PRODUCTS_DIR; };
		84AF1065221EAD1900852BDB /* AppDelegate.swift */ = {isa = PBXFileReference; lastKnownFileType = sourcecode.swift; path = AppDelegate.swift; sourceTree = "<group>"; };
		84AF106B221EAD1900852BDB /* GameScene.swift */ = {isa = PBXFileReference; lastKnownFileType = sourcecode.swift; path = GameScene.swift; sourceTree = "<group>"; };
		84AF106D221EAD1900852BDB /* GameViewController.swift */ = {isa = PBXFileReference; lastKnownFileType = sourcecode.swift; path = GameViewController.swift; sourceTree = "<group>"; };
		84AF1070221EAD1900852BDB /* Base */ = {isa = PBXFileReference; lastKnownFileType = file.storyboard; name = Base; path = Base.lproj/Main.storyboard; sourceTree = "<group>"; };
		84AF1072221EAD1A00852BDB /* Assets.xcassets */ = {isa = PBXFileReference; lastKnownFileType = folder.assetcatalog; path = Assets.xcassets; sourceTree = "<group>"; };
		84AF1075221EAD1A00852BDB /* Base */ = {isa = PBXFileReference; lastKnownFileType = file.storyboard; name = Base; path = Base.lproj/LaunchScreen.storyboard; sourceTree = "<group>"; };
		84AF1077221EAD1A00852BDB /* Info.plist */ = {isa = PBXFileReference; lastKnownFileType = text.plist.xml; path = Info.plist; sourceTree = "<group>"; };
		84AF1096221FD33B00852BDB /* Apple.swift */ = {isa = PBXFileReference; lastKnownFileType = sourcecode.swift; path = Apple.swift; sourceTree = "<group>"; };
		84AF1098221FD35700852BDB /* Snake.swift */ = {isa = PBXFileReference; lastKnownFileType = sourcecode.swift; path = Snake.swift; sourceTree = "<group>"; };
		84AF109A221FD35F00852BDB /* SnakeHead.swift */ = {isa = PBXFileReference; lastKnownFileType = sourcecode.swift; path = SnakeHead.swift; sourceTree = "<group>"; };
		84AF109C221FD36600852BDB /* SnakeBody.swift */ = {isa = PBXFileReference; lastKnownFileType = sourcecode.swift; path = SnakeBody.swift; sourceTree = "<group>"; };
/* End PBXFileReference section */

/* Begin PBXFrameworksBuildPhase section */
		84AF105F221EAD1900852BDB /* Frameworks */ = {
			isa = PBXFrameworksBuildPhase;
			buildActionMask = 2147483647;
			files = (
			);
			runOnlyForDeploymentPostprocessing = 0;
		};
/* End PBXFrameworksBuildPhase section */

/* Begin PBXGroup section */
		84AF1059221EAD1900852BDB = {
			isa = PBXGroup;
			children = (
				84AF1064221EAD1900852BDB /* test8 */,
				84AF1063221EAD1900852BDB /* Products */,
			);
			sourceTree = "<group>";
		};
		84AF1063221EAD1900852BDB /* Products */ = {
			isa = PBXGroup;
			children = (
				84AF1062221EAD1900852BDB /* test8.app */,
			);
			name = Products;
			sourceTree = "<group>";
		};
		84AF1064221EAD1900852BDB /* test8 */ = {
			isa = PBXGroup;
			children = (
				84AF1094221FD32500852BDB /* Model */,
				84AF1065221EAD1900852BDB /* AppDelegate.swift */,
				84AF106B221EAD1900852BDB /* GameScene.swift */,
				84AF106D221EAD1900852BDB /* GameViewController.swift */,
				84AF106F221EAD1900852BDB /* Main.storyboard */,
				84AF1072221EAD1A00852BDB /* Assets.xcassets */,
				84AF1074221EAD1A00852BDB /* LaunchScreen.storyboard */,
				84AF1077221EAD1A00852BDB /* Info.plist */,
			);
			path = test8;
			sourceTree = "<group>";
		};
		84AF1094221FD32500852BDB /* Model */ = {
			isa = PBXGroup;
			children = (
				84AF1095221FD32E00852BDB /* Snake */,
				84AF1096221FD33B00852BDB /* Apple.swift */,
			);
			path = Model;
			sourceTree = "<group>";
		};
		84AF1095221FD32E00852BDB /* Snake */ = {
			isa = PBXGroup;
			children = (
				84AF1098221FD35700852BDB /* Snake.swift */,
				84AF109A221FD35F00852BDB /* SnakeHead.swift */,
				84AF109C221FD36600852BDB /* SnakeBody.swift */,
			);
			path = Snake;
			sourceTree = "<group>";
		};
/* End PBXGroup section */

/* Begin PBXNativeTarget section */
		84AF1061221EAD1900852BDB /* test8 */ = {
			isa = PBXNativeTarget;
			buildConfigurationList = 84AF107A221EAD1A00852BDB /* Build configuration list for PBXNativeTarget "test8" */;
			buildPhases = (
				84AF105E221EAD1900852BDB /* Sources */,
				84AF105F221EAD1900852BDB /* Frameworks */,
				84AF1060221EAD1900852BDB /* Resources */,
			);
			buildRules = (
			);
			dependencies = (
			);
			name = test8;
			productName = test8;
			productReference = 84AF1062221EAD1900852BDB /* test8.app */;
			productType = "com.apple.product-type.application";
		};
/* End PBXNativeTarget section */

/* Begin PBXProject section */
		84AF105A221EAD1900852BDB /* Project object */ = {
			isa = PBXProject;
			attributes = {
				LastSwiftUpdateCheck = 1010;
				LastUpgradeCheck = 1010;
				ORGANIZATIONNAME = test;
				TargetAttributes = {
					84AF1061221EAD1900852BDB = {
						CreatedOnToolsVersion = 10.1;
					};
				};
			};
			buildConfigurationList = 84AF105D221EAD1900852BDB /* Build configuration list for PBXProject "test8" */;
			compatibilityVersion = "Xcode 9.3";
			developmentRegion = en;
			hasScannedForEncodings = 0;
			knownRegions = (
				en,
				Base,
			);
			mainGroup = 84AF1059221EAD1900852BDB;
			productRefGroup = 84AF1063221EAD1900852BDB /* Products */;
			projectDirPath = "";
			projectRoot = "";
			targets = (
				84AF1061221EAD1900852BDB /* test8 */,
			);
		};
/* End PBXProject section */

/* Begin PBXResourcesBuildPhase section */
		84AF1060221EAD1900852BDB /* Resources */ = {
			isa = PBXResourcesBuildPhase;
			buildActionMask = 2147483647;
			files = (
				84AF1071221EAD1900852BDB /* Main.storyboard in Resources */,
				84AF1073221EAD1A00852BDB /* Assets.xcassets in Resources */,
				84AF1076221EAD1A00852BDB /* LaunchScreen.storyboard in Resources */,
			);
			runOnlyForDeploymentPostprocessing = 0;
		};
/* End PBXResourcesBuildPhase section */

/* Begin PBXSourcesBuildPhase section */
		84AF105E221EAD1900852BDB /* Sources */ = {
			isa = PBXSourcesBuildPhase;
			buildActionMask = 2147483647;
			files = (
				84AF109B221FD35F00852BDB /* SnakeHead.swift in Sources */,
				84AF1097221FD33B00852BDB /* Apple.swift in Sources */,
				84AF106C221EAD1900852BDB /* GameScene.swift in Sources */,
				84AF1099221FD35700852BDB /* Snake.swift in Sources */,
				84AF106E221EAD1900852BDB /* GameViewController.swift in Sources */,
				84AF1066221EAD1900852BDB /* AppDelegate.swift in Sources */,
				84AF109D221FD36600852BDB /* SnakeBody.swift in Sources */,
			);
			runOnlyForDeploymentPostprocessing = 0;
		};
/* End PBXSourcesBuildPhase section */

/* Begin PBXVariantGroup section */
		84AF106F221EAD1900852BDB /* Main.storyboard */ = {
			isa = PBXVariantGroup;
			children = (
				84AF1070221EAD1900852BDB /* Base */,
			);
			name = Main.storyboard;
			sourceTree = "<group>";
		};
		84AF1074221EAD1A00852BDB /* LaunchScreen.storyboard */ = {
			isa = PBXVariantGroup;
			children = (
				84AF1075221EAD1A00852BDB /* Base */,
			);
			name = LaunchScreen.storyboard;
			sourceTree = "<group>";
		};
/* End PBXVariantGroup section */

/* Begin XCBuildConfiguration section */
		84AF1078221EAD1A00852BDB /* Debug */ = {
			isa = XCBuildConfiguration;
			buildSettings = {
				ALWAYS_SEARCH_USER_PATHS = NO;
				CLANG_ANALYZER_NONNULL = YES;
				CLANG_ANALYZER_NUMBER_OBJECT_CONVERSION = YES_AGGRESSIVE;
				CLANG_CXX_LANGUAGE_STANDARD = "gnu++14";
				CLANG_CXX_LIBRARY = "libc++";
				CLANG_ENABLE_MODULES = YES;
				CLANG_ENABLE_OBJC_ARC = YES;
				CLANG_ENABLE_OBJC_WEAK = YES;
				CLANG_WARN_BLOCK_CAPTURE_AUTORELEASING = YES;
				CLANG_WARN_BOOL_CONVERSION = YES;
				CLANG_WARN_COMMA = YES;
				CLANG_WARN_CONSTANT_CONVERSION = YES;
				CLANG_WARN_DEPRECATED_OBJC_IMPLEMENTATIONS = YES;
				CLANG_WARN_DIRECT_OBJC_ISA_USAGE = YES_ERROR;
				CLANG_WARN_DOCUMENTATION_COMMENTS = YES;
				CLANG_WARN_EMPTY_BODY = YES;
				CLANG_WARN_ENUM_CONVERSION = YES;
				CLANG_WARN_INFINITE_RECURSION = YES;
				CLANG_WARN_INT_CONVERSION = YES;
				CLANG_WARN_NON_LITERAL_NULL_CONVERSION = YES;
				CLANG_WARN_OBJC_IMPLICIT_RETAIN_SELF = YES;
				CLANG_WARN_OBJC_LITERAL_CONVERSION = YES;
				CLANG_WARN_OBJC_ROOT_CLASS = YES_ERROR;
				CLANG_WARN_RANGE_LOOP_ANALYSIS = YES;
				CLANG_WARN_STRICT_PROTOTYPES = YES;
				CLANG_WARN_SUSPICIOUS_MOVE = YES;
				CLANG_WARN_UNGUARDED_AVAILABILITY = YES_AGGRESSIVE;
				CLANG_WARN_UNREACHABLE_CODE = YES;
				CLANG_WARN__DUPLICATE_METHOD_MATCH = YES;
				CODE_SIGN_IDENTITY = "iPhone Developer";
				COPY_PHASE_STRIP = NO;
				DEBUG_INFORMATION_FORMAT = dwarf;
				ENABLE_STRICT_OBJC_MSGSEND = YES;
				ENABLE_TESTABILITY = YES;
				GCC_C_LANGUAGE_STANDARD = gnu11;
				GCC_DYNAMIC_NO_PIC = NO;
				GCC_NO_COMMON_BLOCKS = YES;
				GCC_OPTIMIZATION_LEVEL = 0;
				GCC_PREPROCESSOR_DEFINITIONS = (
					"DEBUG=1",
					"$(inherited)",
				);
				GCC_WARN_64_TO_32_BIT_CONVERSION = YES;
				GCC_WARN_ABOUT_RETURN_TYPE = YES_ERROR;
				GCC_WARN_UNDECLARED_SELECTOR = YES;
				GCC_WARN_UNINITIALIZED_AUTOS = YES_AGGRESSIVE;
				GCC_WARN_UNUSED_FUNCTION = YES;
				GCC_WARN_UNUSED_VARIABLE = YES;
				IPHONEOS_DEPLOYMENT_TARGET = 12.1;
				MTL_ENABLE_DEBUG_INFO = INCLUDE_SOURCE;
				MTL_FAST_MATH = YES;
				ONLY_ACTIVE_ARCH = YES;
				SDKROOT = iphoneos;
				SWIFT_ACTIVE_COMPILATION_CONDITIONS = DEBUG;
				SWIFT_OPTIMIZATION_LEVEL = "-Onone";
			};
			name = Debug;
		};
		84AF1079221EAD1A00852BDB /* Release */ = {
			isa = XCBuildConfiguration;
			buildSettings = {
				ALWAYS_SEARCH_USER_PATHS = NO;
				CLANG_ANALYZER_NONNULL = YES;
				CLANG_ANALYZER_NUMBER_OBJECT_CONVERSION = YES_AGGRESSIVE;
				CLANG_CXX_LANGUAGE_STANDARD = "gnu++14";
				CLANG_CXX_LIBRARY = "libc++";
				CLANG_ENABLE_MODULES = YES;
				CLANG_ENABLE_OBJC_ARC = YES;
				CLANG_ENABLE_OBJC_WEAK = YES;
				CLANG_WARN_BLOCK_CAPTURE_AUTORELEASING = YES;
				CLANG_WARN_BOOL_CONVERSION = YES;
				CLANG_WARN_COMMA = YES;
				CLANG_WARN_CONSTANT_CONVERSION = YES;
				CLANG_WARN_DEPRECATED_OBJC_IMPLEMENTATIONS = YES;
				CLANG_WARN_DIRECT_OBJC_ISA_USAGE = YES_ERROR;
				CLANG_WARN_DOCUMENTATION_COMMENTS = YES;
				CLANG_WARN_EMPTY_BODY = YES;
				CLANG_WARN_ENUM_CONVERSION = YES;
				CLANG_WARN_INFINITE_RECURSION = YES;
				CLANG_WARN_INT_CONVERSION = YES;
				CLANG_WARN_NON_LITERAL_NULL_CONVERSION = YES;
				CLANG_WARN_OBJC_IMPLICIT_RETAIN_SELF = YES;
				CLANG_WARN_OBJC_LITERAL_CONVERSION = YES;
				CLANG_WARN_OBJC_ROOT_CLASS = YES_ERROR;
				CLANG_WARN_RANGE_LOOP_ANALYSIS = YES;
				CLANG_WARN_STRICT_PROTOTYPES = YES;
				CLANG_WARN_SUSPICIOUS_MOVE = YES;
				CLANG_WARN_UNGUARDED_AVAILABILITY = YES_AGGRESSIVE;
				CLANG_WARN_UNREACHABLE_CODE = YES;
				CLANG_WARN__DUPLICATE_METHOD_MATCH = YES;
				CODE_SIGN_IDENTITY = "iPhone Developer";
				COPY_PHASE_STRIP = NO;
				DEBUG_INFORMATION_FORMAT = "dwarf-with-dsym";
				ENABLE_NS_ASSERTIONS = NO;
				ENABLE_STRICT_OBJC_MSGSEND = YES;
				GCC_C_LANGUAGE_STANDARD = gnu11;
				GCC_NO_COMMON_BLOCKS = YES;
				GCC_WARN_64_TO_32_BIT_CONVERSION = YES;
				GCC_WARN_ABOUT_RETURN_TYPE = YES_ERROR;
				GCC_WARN_UNDECLARED_SELECTOR = YES;
				GCC_WARN_UNINITIALIZED_AUTOS = YES_AGGRESSIVE;
				GCC_WARN_UNUSED_FUNCTION = YES;
				GCC_WARN_UNUSED_VARIABLE = YES;
				IPHONEOS_DEPLOYMENT_TARGET = 12.1;
				MTL_ENABLE_DEBUG_INFO = NO;
				MTL_FAST_MATH = YES;
				SDKROOT = iphoneos;
				SWIFT_COMPILATION_MODE = wholemodule;
				SWIFT_OPTIMIZATION_LEVEL = "-O";
				VALIDATE_PRODUCT = YES;
			};
			name = Release;
		};
		84AF107B221EAD1A00852BDB /* Debug */ = {
			isa = XCBuildConfiguration;
			buildSettings = {
				ASSETCATALOG_COMPILER_APPICON_NAME = AppIcon;
				CODE_SIGN_STYLE = Automatic;
				DEVELOPMENT_TEAM = "";
				INFOPLIST_FILE = test8/Info.plist;
				LD_RUNPATH_SEARCH_PATHS = (
					"$(inherited)",
					"@executable_path/Frameworks",
				);
				PRODUCT_BUNDLE_IDENTIFIER = test.test8;
				PRODUCT_NAME = "$(TARGET_NAME)";
				SWIFT_VERSION = 4.2;
				TARGETED_DEVICE_FAMILY = 1;
			};
			name = Debug;
		};
		84AF107C221EAD1A00852BDB /* Release */ = {
			isa = XCBuildConfiguration;
			buildSettings = {
				ASSETCATALOG_COMPILER_APPICON_NAME = AppIcon;
				CODE_SIGN_STYLE = Automatic;
				DEVELOPMENT_TEAM = "";
				INFOPLIST_FILE = test8/Info.plist;
				LD_RUNPATH_SEARCH_PATHS = (
					"$(inherited)",
					"@executable_path/Frameworks",
				);
				PRODUCT_BUNDLE_IDENTIFIER = test.test8;
				PRODUCT_NAME = "$(TARGET_NAME)";
				SWIFT_VERSION = 4.2;
				TARGETED_DEVICE_FAMILY = 1;
			};
			name = Release;
		};
/* End XCBuildConfiguration section */

/* Begin XCConfigurationList section */
		84AF105D221EAD1900852BDB /* Build configuration list for PBXProject "test8" */ = {
			isa = XCConfigurationList;
			buildConfigurations = (
				84AF1078221EAD1A00852BDB /* Debug */,
				84AF1079221EAD1A00852BDB /* Release */,
			);
			defaultConfigurationIsVisible = 0;
			defaultConfigurationName = Release;
		};
		84AF107A221EAD1A00852BDB /* Build configuration list for PBXNativeTarget "test8" */ = {
			isa = XCConfigurationList;
			buildConfigurations = (
				84AF107B221EAD1A00852BDB /* Debug */,
				84AF107C221EAD1A00852BDB /* Release */,
			);
			defaultConfigurationIsVisible = 0;
			defaultConfigurationName = Release;
		};
/* End XCConfigurationList section */
	};
	rootObject = 84AF105A221EAD1900852BDB /* Project object */;
}
